PODS:
  - Flutter (1.0.0)
  - shared_preferences_ios (0.0.1):
    - Flutter
  - variable_app_icon (0.0.1):
    - Flutter

DEPENDENCIES:
  - Flutter (from `Flutter`)
  - shared_preferences_ios (from `.symlinks/plugins/shared_preferences_ios/ios`)
  - variable_app_icon (from `.symlinks/plugins/variable_app_icon/ios`)

EXTERNAL SOURCES:
  Flutter:
    :path: Flutter
  shared_preferences_ios:
    :path: ".symlinks/plugins/shared_preferences_ios/ios"
  variable_app_icon:
    :path: ".symlinks/plugins/variable_app_icon/ios"

SPEC CHECKSUMS:
  Flutter: f04841e97a9d0b0a8025694d0796dd46242b2854
  shared_preferences_ios: 548a61f8053b9b8a49ac19c1ffbc8b92c50d68ad
  variable_app_icon: 77079bb62e9b19f424a4aef8dafef86492be13ca

PODFILE CHECKSUM: 663715e941f9adb426e33bf9376914006f9ea95b

COCOAPODS: 1.11.3
